
Microsoft Visual Studio Solution File, Format Version 12.00
# Visual Studio Version 17
VisualStudioVersion = 17.5.33414.496
MinimumVisualStudioVersion = 10.0.40219.1
Project("{FAE04EC0-301F-11D3-BF4B-00C04F79EFBC}") = "JetLinkProject2", "JetLinkProject2\JetLinkProject2.csproj", "{DC3FD136-44ED-481C-AAB6-A8270F7A3340}"
EndProject
Global
	GlobalSection(SolutionConfigurationPlatforms) = preSolution
		Debug|Any CPU = Debug|Any CPU
		Release|Any CPU = Release|Any CPU
	EndGlobalSection
	GlobalSection(ProjectConfigurationPlatforms) = postSolution
		{DC3FD136-44ED-481C-AAB6-A8270F7A3340}.Debug|Any CPU.ActiveCfg = Debug|Any CPU
		{DC3FD136-44ED-481C-AAB6-A8270F7A3340}.Debug|Any CPU.Build.0 = Debug|Any CPU
		{DC3FD136-44ED-481C-AAB6-A8270F7A3340}.Release|Any CPU.ActiveCfg = Release|Any CPU
		{DC3FD136-44ED-481C-AAB6-A8270F7A3340}.Release|Any CPU.Build.0 = Release|Any CPU
	EndGlobalSection
	GlobalSection(SolutionProperties) = preSolution
		HideSolutionNode = FALSE
	EndGlobalSection
	GlobalSection(ExtensibilityGlobals) = postSolution
		SolutionGuid = {0CB423D0-E8A2-49C8-A26E-26F911547259}
	EndGlobalSection
EndGlobal
